
Microsoft Visual Studio Solution File, Format Version 12.00
# Visual Studio Version 17
VisualStudioVersion = 17.9.34728.123
MinimumVisualStudioVersion = 10.0.40219.1
Project("{9A19103F-16F7-4668-BE54-9A1E7A4F7556}") = "GatewayTravelMarket", "GatewayTravelMarket\GatewayTravelMarket.csproj", "{C19590A8-264B-44D0-949D-137B3B919B9E}"
EndProject
Project("{E53339B2-1760-4266-BCC7-CA923CBCF16C}") = "docker-compose", "docker-compose.dcproj", "{3F1E8FCE-7248-4FAD-BF28-752DDD9B807D}"
EndProject
Global
	GlobalSection(SolutionConfigurationPlatforms) = preSolution
		Debug|Any CPU = Debug|Any CPU
		Release|Any CPU = Release|Any CPU
	EndGlobalSection
	GlobalSection(ProjectConfigurationPlatforms) = postSolution
		{C19590A8-264B-44D0-949D-137B3B919B9E}.Debug|Any CPU.ActiveCfg = Debug|Any CPU
		{C19590A8-264B-44D0-949D-137B3B919B9E}.Debug|Any CPU.Build.0 = Debug|Any CPU
		{C19590A8-264B-44D0-949D-137B3B919B9E}.Release|Any CPU.ActiveCfg = Release|Any CPU
		{C19590A8-264B-44D0-949D-137B3B919B9E}.Release|Any CPU.Build.0 = Release|Any CPU
		{3F1E8FCE-7248-4FAD-BF28-752DDD9B807D}.Debug|Any CPU.ActiveCfg = Debug|Any CPU
		{3F1E8FCE-7248-4FAD-BF28-752DDD9B807D}.Debug|Any CPU.Build.0 = Debug|Any CPU
		{3F1E8FCE-7248-4FAD-BF28-752DDD9B807D}.Release|Any CPU.ActiveCfg = Release|Any CPU
		{3F1E8FCE-7248-4FAD-BF28-752DDD9B807D}.Release|Any CPU.Build.0 = Release|Any CPU
	EndGlobalSection
	GlobalSection(SolutionProperties) = preSolution
		HideSolutionNode = FALSE
	EndGlobalSection
	GlobalSection(ExtensibilityGlobals) = postSolution
		SolutionGuid = {F07C1936-B5D0-49DD-887F-0108EB745515}
	EndGlobalSection
EndGlobal
