
Microsoft Visual Studio Solution File, Format Version 12.00
# Visual Studio Version 17
VisualStudioVersion = 17.9.34728.123
MinimumVisualStudioVersion = 10.0.40219.1
Project("{9A19103F-16F7-4668-BE54-9A1E7A4F7556}") = "GeoMapSettings", "GeoMapSettings\GeoMapSettings.csproj", "{AEAA27F8-C241-4B77-9A58-D4251183516F}"
EndProject
Project("{9A19103F-16F7-4668-BE54-9A1E7A4F7556}") = "GeometryMap", "..\..\..\Documents\Team-Pragmatics-Otus\GeometryMap\GeometryMap.csproj", "{FCD0375A-8CC2-4C40-BA44-548AAC1E8C06}"
EndProject
Global
	GlobalSection(SolutionConfigurationPlatforms) = preSolution
		Debug|Any CPU = Debug|Any CPU
		Release|Any CPU = Release|Any CPU
	EndGlobalSection
	GlobalSection(ProjectConfigurationPlatforms) = postSolution
		{AEAA27F8-C241-4B77-9A58-D4251183516F}.Debug|Any CPU.ActiveCfg = Debug|Any CPU
		{AEAA27F8-C241-4B77-9A58-D4251183516F}.Debug|Any CPU.Build.0 = Debug|Any CPU
		{AEAA27F8-C241-4B77-9A58-D4251183516F}.Release|Any CPU.ActiveCfg = Release|Any CPU
		{AEAA27F8-C241-4B77-9A58-D4251183516F}.Release|Any CPU.Build.0 = Release|Any CPU
		{FCD0375A-8CC2-4C40-BA44-548AAC1E8C06}.Debug|Any CPU.ActiveCfg = Debug|Any CPU
		{FCD0375A-8CC2-4C40-BA44-548AAC1E8C06}.Debug|Any CPU.Build.0 = Debug|Any CPU
		{FCD0375A-8CC2-4C40-BA44-548AAC1E8C06}.Release|Any CPU.ActiveCfg = Release|Any CPU
		{FCD0375A-8CC2-4C40-BA44-548AAC1E8C06}.Release|Any CPU.Build.0 = Release|Any CPU
	EndGlobalSection
	GlobalSection(SolutionProperties) = preSolution
		HideSolutionNode = FALSE
	EndGlobalSection
	GlobalSection(ExtensibilityGlobals) = postSolution
		SolutionGuid = {9B5A1FF1-8B22-422D-B9F2-B8282755E662}
	EndGlobalSection
EndGlobal
